// !$*UTF8*$!
{
	archiveVersion = 1;
	classes = {
	};
	objectVersion = 46;
	objects = {

/* Begin PBXBuildFile section */
		13B51B469A9EE6BF8679BB5B /* libPods-StudyPrivateCollection.a in Frameworks */ = {isa = PBXBuildFile; fileRef = 44D9087FE37C045DEB72D853 /* libPods-StudyPrivateCollection.a */; };
		844987191E0CEA4300FD008A /* BaseModel.m in Sources */ = {isa = PBXBuildFile; fileRef = 844987181E0CEA4300FD008A /* BaseModel.m */; };
		8449871D1E0D3EA000FD008A /* BookEntity.m in Sources */ = {isa = PBXBuildFile; fileRef = 8449871C1E0D3EA000FD008A /* BookEntity.m */; };
		844987211E0D749D00FD008A /* AuthorModel.m in Sources */ = {isa = PBXBuildFile; fileRef = 844987201E0D749D00FD008A /* AuthorModel.m */; };
		844987251E0D75CD00FD008A /* TranslatorModel.m in Sources */ = {isa = PBXBuildFile; fileRef = 844987241E0D75CD00FD008A /* TranslatorModel.m */; };
		844987291E0D762D00FD008A /* TagModel.m in Sources */ = {isa = PBXBuildFile; fileRef = 844987281E0D762D00FD008A /* TagModel.m */; };
		8449872D1E0D77E400FD008A /* BookDetailViewController.m in Sources */ = {isa = PBXBuildFile; fileRef = 8449872C1E0D77E400FD008A /* BookDetailViewController.m */; };
		844987321E10B5FD00FD008A /* BookDBHelper.m in Sources */ = {isa = PBXBuildFile; fileRef = 844987311E10B5FD00FD008A /* BookDBHelper.m */; };
		844987381E10BE6800FD008A /* BaseDAO.m in Sources */ = {isa = PBXBuildFile; fileRef = 844987371E10BE6800FD008A /* BaseDAO.m */; };
		844987421E10BF4C00FD008A /* BookEntityDAO.m in Sources */ = {isa = PBXBuildFile; fileRef = 844987411E10BF4C00FD008A /* BookEntityDAO.m */; };
		844987451E10BF6200FD008A /* AuthorDAO.m in Sources */ = {isa = PBXBuildFile; fileRef = 844987441E10BF6200FD008A /* AuthorDAO.m */; };
		844987481E10BF7A00FD008A /* TranslatorDAO.m in Sources */ = {isa = PBXBuildFile; fileRef = 844987471E10BF7A00FD008A /* TranslatorDAO.m */; };
		8449874B1E10BF8B00FD008A /* TagDAO.m in Sources */ = {isa = PBXBuildFile; fileRef = 8449874A1E10BF8B00FD008A /* TagDAO.m */; };
		8449874F1E10C40100FD008A /* BookDetailService.m in Sources */ = {isa = PBXBuildFile; fileRef = 8449874E1E10C40100FD008A /* BookDetailService.m */; };
		844987531E112B5100FD008A /* BookListService.m in Sources */ = {isa = PBXBuildFile; fileRef = 844987521E112B5100FD008A /* BookListService.m */; };
		844987581E11340E00FD008A /* BookListTableViewController.m in Sources */ = {isa = PBXBuildFile; fileRef = 844987571E11340E00FD008A /* BookListTableViewController.m */; };
		8449875B1E11343E00FD008A /* BookListCollectionViewController.m in Sources */ = {isa = PBXBuildFile; fileRef = 8449875A1E11343E00FD008A /* BookListCollectionViewController.m */; };
		8449875F1E12056F00FD008A /* BookBaseTableViewCell.m in Sources */ = {isa = PBXBuildFile; fileRef = 8449875E1E12056F00FD008A /* BookBaseTableViewCell.m */; };
		844987641E1205EA00FD008A /* BookListTableViewCell.m in Sources */ = {isa = PBXBuildFile; fileRef = 844987631E1205EA00FD008A /* BookListTableViewCell.m */; };
		844987671E120A8500FD008A /* BookListTableViewCell+BookEntity.m in Sources */ = {isa = PBXBuildFile; fileRef = 844987661E120A8500FD008A /* BookListTableViewCell+BookEntity.m */; };
		8449876D1E136AAD00FD008A /* BookBaseCollectionViewCell.m in Sources */ = {isa = PBXBuildFile; fileRef = 8449876C1E136AAD00FD008A /* BookBaseCollectionViewCell.m */; };
		844987701E136B0100FD008A /* BookCollectionViewCell.m in Sources */ = {isa = PBXBuildFile; fileRef = 8449876F1E136B0100FD008A /* BookCollectionViewCell.m */; };
		844987731E136CB800FD008A /* BookCollectionViewCell+BookEntity.m in Sources */ = {isa = PBXBuildFile; fileRef = 844987721E136CB800FD008A /* BookCollectionViewCell+BookEntity.m */; };
		844987771E13C8D100FD008A /* BookBaseCollectionViewFlowLayout.m in Sources */ = {isa = PBXBuildFile; fileRef = 844987761E13C8D100FD008A /* BookBaseCollectionViewFlowLayout.m */; };
		8449877B1E13C94000FD008A /* BookCollectionViewFlowLayout.m in Sources */ = {isa = PBXBuildFile; fileRef = 8449877A1E13C94000FD008A /* BookCollectionViewFlowLayout.m */; };
		844987811E152AAB00FD008A /* BookCollectionViewWaterfallHeader.m in Sources */ = {isa = PBXBuildFile; fileRef = 844987801E152AAB00FD008A /* BookCollectionViewWaterfallHeader.m */; };
		844987841E152ACE00FD008A /* BookCollectionViewWaterfallFooter.m in Sources */ = {isa = PBXBuildFile; fileRef = 844987831E152ACE00FD008A /* BookCollectionViewWaterfallFooter.m */; };
		844987881E152B9500FD008A /* BaseBookCollectionViewWaterfallHeader.m in Sources */ = {isa = PBXBuildFile; fileRef = 844987871E152B9500FD008A /* BaseBookCollectionViewWaterfallHeader.m */; };
		8449878B1E152BA900FD008A /* BaseBookCollectionViewWaterfallFooter.m in Sources */ = {isa = PBXBuildFile; fileRef = 8449878A1E152BA900FD008A /* BaseBookCollectionViewWaterfallFooter.m */; };
		844C13771E0CDB370091E135 /* BaseNavigationController.m in Sources */ = {isa = PBXBuildFile; fileRef = 844C13761E0CDB370091E135 /* BaseNavigationController.m */; };
		844C137A1E0CDB720091E135 /* BaseViewController.m in Sources */ = {isa = PBXBuildFile; fileRef = 844C13791E0CDB720091E135 /* BaseViewController.m */; };
		8477AB6C1E1762760029079D /* PieChartView.m in Sources */ = {isa = PBXBuildFile; fileRef = 8477AB6B1E1762760029079D /* PieChartView.m */; };
		8477AB751E17731C0029079D /* PieChartView+Author.m in Sources */ = {isa = PBXBuildFile; fileRef = 8477AB741E17731C0029079D /* PieChartView+Author.m */; };
		8477AB7C1E17F28E0029079D /* BookAnalyticsTableViewCell.m in Sources */ = {isa = PBXBuildFile; fileRef = 8477AB7B1E17F28E0029079D /* BookAnalyticsTableViewCell.m */; };
		8477AB7F1E180ECE0029079D /* BookAnalyticsTableViewCell+Author.m in Sources */ = {isa = PBXBuildFile; fileRef = 8477AB7E1E180ECE0029079D /* BookAnalyticsTableViewCell+Author.m */; };
		8B6CCB981E03B40900476A35 /* BookListViewController.m in Sources */ = {isa = PBXBuildFile; fileRef = 8B6CCB971E03B40900476A35 /* BookListViewController.m */; };
		8B6CCB9B1E03B44600476A35 /* BookScannerViewController.m in Sources */ = {isa = PBXBuildFile; fileRef = 8B6CCB9A1E03B44600476A35 /* BookScannerViewController.m */; };
		8B6CCB9E1E03B46600476A35 /* BookAnalyticsViewController.m in Sources */ = {isa = PBXBuildFile; fileRef = 8B6CCB9D1E03B46600476A35 /* BookAnalyticsViewController.m */; };
		8B6CCBA51E03CB0E00476A35 /* BookScannerView.m in Sources */ = {isa = PBXBuildFile; fileRef = 8B6CCBA41E03CB0E00476A35 /* BookScannerView.m */; };
		8BD7BFB81DFE3D4D00F48966 /* main.m in Sources */ = {isa = PBXBuildFile; fileRef = 8BD7BFB71DFE3D4D00F48966 /* main.m */; };
		8BD7BFBB1DFE3D4D00F48966 /* AppDelegate.m in Sources */ = {isa = PBXBuildFile; fileRef = 8BD7BFBA1DFE3D4D00F48966 /* AppDelegate.m */; };
		8BD7BFC11DFE3D4D00F48966 /* Main.storyboard in Resources */ = {isa = PBXBuildFile; fileRef = 8BD7BFBF1DFE3D4D00F48966 /* Main.storyboard */; };
		8BD7BFC31DFE3D4D00F48966 /* Assets.xcassets in Resources */ = {isa = PBXBuildFile; fileRef = 8BD7BFC21DFE3D4D00F48966 /* Assets.xcassets */; };
		8BD7BFC61DFE3D4D00F48966 /* LaunchScreen.storyboard in Resources */ = {isa = PBXBuildFile; fileRef = 8BD7BFC41DFE3D4D00F48966 /* LaunchScreen.storyboard */; };
		8BD7BFD11DFE3D4E00F48966 /* StudyPrivateCollectionTests.m in Sources */ = {isa = PBXBuildFile; fileRef = 8BD7BFD01DFE3D4E00F48966 /* StudyPrivateCollectionTests.m */; };
		8BD7BFDC1DFE3D4E00F48966 /* StudyPrivateCollectionUITests.m in Sources */ = {isa = PBXBuildFile; fileRef = 8BD7BFDB1DFE3D4E00F48966 /* StudyPrivateCollectionUITests.m */; };
/* End PBXBuildFile section */

/* Begin PBXContainerItemProxy section */
		8BD7BFCD1DFE3D4E00F48966 /* PBXContainerItemProxy */ = {
			isa = PBXContainerItemProxy;
			containerPortal = 8BD7BFAB1DFE3D4D00F48966 /* Project object */;
			proxyType = 1;
			remoteGlobalIDString = 8BD7BFB21DFE3D4D00F48966;
			remoteInfo = StudyPrivateCollection;
		};
		8BD7BFD81DFE3D4E00F48966 /* PBXContainerItemProxy */ = {
			isa = PBXContainerItemProxy;
			containerPortal = 8BD7BFAB1DFE3D4D00F48966 /* Project object */;
			proxyType = 1;
			remoteGlobalIDString = 8BD7BFB21DFE3D4D00F48966;
			remoteInfo = StudyPrivateCollection;
		};
/* End PBXContainerItemProxy section */

/* Begin PBXFileReference section */
		273866E3312D8A48A57C0702 /* Pods-StudyPrivateCollection.debug.xcconfig */ = {isa = PBXFileReference; includeInIndex = 1; lastKnownFileType = text.xcconfig; name = "Pods-StudyPrivateCollection.debug.xcconfig"; path = "Pods/Target Support Files/Pods-StudyPrivateCollection/Pods-StudyPrivateCollection.debug.xcconfig"; sourceTree = "<group>"; };
		44D9087FE37C045DEB72D853 /* libPods-StudyPrivateCollection.a */ = {isa = PBXFileReference; explicitFileType = archive.ar; includeInIndex = 0; path = "libPods-StudyPrivateCollection.a"; sourceTree = BUILT_PRODUCTS_DIR; };
		467D8AFA5779B9F236940E06 /* Pods-StudyPrivateCollection.release.xcconfig */ = {isa = PBXFileReference; includeInIndex = 1; lastKnownFileType = text.xcconfig; name = "Pods-StudyPrivateCollection.release.xcconfig"; path = "Pods/Target Support Files/Pods-StudyPrivateCollection/Pods-StudyPrivateCollection.release.xcconfig"; sourceTree = "<group>"; };
		844987171E0CEA4300FD008A /* BaseModel.h */ = {isa = PBXFileReference; fileEncoding = 4; lastKnownFileType = sourcecode.c.h; path = BaseModel.h; sourceTree = "<group>"; };
		844987181E0CEA4300FD008A /* BaseModel.m */ = {isa = PBXFileReference; fileEncoding = 4; lastKnownFileType = sourcecode.c.objc; path = BaseModel.m; sourceTree = "<group>"; };
		8449871B1E0D3EA000FD008A /* BookEntity.h */ = {isa = PBXFileReference; fileEncoding = 4; lastKnownFileType = sourcecode.c.h; path = BookEntity.h; sourceTree = "<group>"; };
		8449871C1E0D3EA000FD008A /* BookEntity.m */ = {isa = PBXFileReference; fileEncoding = 4; lastKnownFileType = sourcecode.c.objc; path = BookEntity.m; sourceTree = "<group>"; };
		8449871F1E0D749D00FD008A /* AuthorModel.h */ = {isa = PBXFileReference; fileEncoding = 4; lastKnownFileType = sourcecode.c.h; path = AuthorModel.h; sourceTree = "<group>"; };
		844987201E0D749D00FD008A /* AuthorModel.m */ = {isa = PBXFileReference; fileEncoding = 4; lastKnownFileType = sourcecode.c.objc; path = AuthorModel.m; sourceTree = "<group>"; };
		844987231E0D75CD00FD008A /* TranslatorModel.h */ = {isa = PBXFileReference; fileEncoding = 4; lastKnownFileType = sourcecode.c.h; path = TranslatorModel.h; sourceTree = "<group>"; };
		844987241E0D75CD00FD008A /* TranslatorModel.m */ = {isa = PBXFileReference; fileEncoding = 4; lastKnownFileType = sourcecode.c.objc; path = TranslatorModel.m; sourceTree = "<group>"; };
		844987271E0D762D00FD008A /* TagModel.h */ = {isa = PBXFileReference; fileEncoding = 4; lastKnownFileType = sourcecode.c.h; path = TagModel.h; sourceTree = "<group>"; };
		844987281E0D762D00FD008A /* TagModel.m */ = {isa = PBXFileReference; fileEncoding = 4; lastKnownFileType = sourcecode.c.objc; path = TagModel.m; sourceTree = "<group>"; };
		8449872B1E0D77E400FD008A /* BookDetailViewController.h */ = {isa = PBXFileReference; fileEncoding = 4; lastKnownFileType = sourcecode.c.h; path = BookDetailViewController.h; sourceTree = "<group>"; };
		8449872C1E0D77E400FD008A /* BookDetailViewController.m */ = {isa = PBXFileReference; fileEncoding = 4; lastKnownFileType = sourcecode.c.objc; path = BookDetailViewController.m; sourceTree = "<group>"; };
		844987301E10B5FD00FD008A /* BookDBHelper.h */ = {isa = PBXFileReference; fileEncoding = 4; lastKnownFileType = sourcecode.c.h; name = BookDBHelper.h; path = Helper/DB/BookDBHelper.h; sourceTree = "<group>"; };
		844987311E10B5FD00FD008A /* BookDBHelper.m */ = {isa = PBXFileReference; fileEncoding = 4; lastKnownFileType = sourcecode.c.objc; name = BookDBHelper.m; path = Helper/DB/BookDBHelper.m; sourceTree = "<group>"; };
		844987361E10BE6800FD008A /* BaseDAO.h */ = {isa = PBXFileReference; fileEncoding = 4; lastKnownFileType = sourcecode.c.h; name = BaseDAO.h; path = Base/BaseDAO.h; sourceTree = "<group>"; };
		844987371E10BE6800FD008A /* BaseDAO.m */ = {isa = PBXFileReference; fileEncoding = 4; lastKnownFileType = sourcecode.c.objc; name = BaseDAO.m; path = Base/BaseDAO.m; sourceTree = "<group>"; };
		844987401E10BF4C00FD008A /* BookEntityDAO.h */ = {isa = PBXFileReference; fileEncoding = 4; lastKnownFileType = sourcecode.c.h; name = BookEntityDAO.h; path = Entity/BookEntityDAO.h; sourceTree = "<group>"; };
		844987411E10BF4C00FD008A /* BookEntityDAO.m */ = {isa = PBXFileReference; fileEncoding = 4; lastKnownFileType = sourcecode.c.objc; name = BookEntityDAO.m; path = Entity/BookEntityDAO.m; sourceTree = "<group>"; };
		844987431E10BF6200FD008A /* AuthorDAO.h */ = {isa = PBXFileReference; fileEncoding = 4; lastKnownFileType = sourcecode.c.h; name = AuthorDAO.h; path = Author/AuthorDAO.h; sourceTree = "<group>"; };
		844987441E10BF6200FD008A /* AuthorDAO.m */ = {isa = PBXFileReference; fileEncoding = 4; lastKnownFileType = sourcecode.c.objc; name = AuthorDAO.m; path = Author/AuthorDAO.m; sourceTree = "<group>"; };
		844987461E10BF7A00FD008A /* TranslatorDAO.h */ = {isa = PBXFileReference; fileEncoding = 4; lastKnownFileType = sourcecode.c.h; name = TranslatorDAO.h; path = Translator/TranslatorDAO.h; sourceTree = "<group>"; };
		844987471E10BF7A00FD008A /* TranslatorDAO.m */ = {isa = PBXFileReference; fileEncoding = 4; lastKnownFileType = sourcecode.c.objc; name = TranslatorDAO.m; path = Translator/TranslatorDAO.m; sourceTree = "<group>"; };
		844987491E10BF8B00FD008A /* TagDAO.h */ = {isa = PBXFileReference; fileEncoding = 4; lastKnownFileType = sourcecode.c.h; name = TagDAO.h; path = Tag/TagDAO.h; sourceTree = "<group>"; };
		8449874A1E10BF8B00FD008A /* TagDAO.m */ = {isa = PBXFileReference; fileEncoding = 4; lastKnownFileType = sourcecode.c.objc; name = TagDAO.m; path = Tag/TagDAO.m; sourceTree = "<group>"; };
		8449874D1E10C40100FD008A /* BookDetailService.h */ = {isa = PBXFileReference; fileEncoding = 4; lastKnownFileType = sourcecode.c.h; name = BookDetailService.h; path = BookDetail/BookDetailService.h; sourceTree = "<group>"; };
		8449874E1E10C40100FD008A /* BookDetailService.m */ = {isa = PBXFileReference; fileEncoding = 4; lastKnownFileType = sourcecode.c.objc; name = BookDetailService.m; path = BookDetail/BookDetailService.m; sourceTree = "<group>"; };
		844987511E112B5100FD008A /* BookListService.h */ = {isa = PBXFileReference; fileEncoding = 4; lastKnownFileType = sourcecode.c.h; name = BookListService.h; path = BookList/BookListService.h; sourceTree = "<group>"; };
		844987521E112B5100FD008A /* BookListService.m */ = {isa = PBXFileReference; fileEncoding = 4; lastKnownFileType = sourcecode.c.objc; name = BookListService.m; path = BookList/BookListService.m; sourceTree = "<group>"; };
		844987561E11340E00FD008A /* BookListTableViewController.h */ = {isa = PBXFileReference; fileEncoding = 4; lastKnownFileType = sourcecode.c.h; name = BookListTableViewController.h; path = TableView/BookListTableViewController.h; sourceTree = "<group>"; };
		844987571E11340E00FD008A /* BookListTableViewController.m */ = {isa = PBXFileReference; fileEncoding = 4; lastKnownFileType = sourcecode.c.objc; name = BookListTableViewController.m; path = TableView/BookListTableViewController.m; sourceTree = "<group>"; };
		844987591E11343E00FD008A /* BookListCollectionViewController.h */ = {isa = PBXFileReference; fileEncoding = 4; lastKnownFileType = sourcecode.c.h; name = BookListCollectionViewController.h; path = CollectionView/BookListCollectionViewController.h; sourceTree = "<group>"; };
		8449875A1E11343E00FD008A /* BookListCollectionViewController.m */ = {isa = PBXFileReference; fileEncoding = 4; lastKnownFileType = sourcecode.c.objc; name = BookListCollectionViewController.m; path = CollectionView/BookListCollectionViewController.m; sourceTree = "<group>"; };
		8449875D1E12056F00FD008A /* BookBaseTableViewCell.h */ = {isa = PBXFileReference; fileEncoding = 4; lastKnownFileType = sourcecode.c.h; name = BookBaseTableViewCell.h; path = BaseTableViewCell/BookBaseTableViewCell.h; sourceTree = "<group>"; };
		8449875E1E12056F00FD008A /* BookBaseTableViewCell.m */ = {isa = PBXFileReference; fileEncoding = 4; lastKnownFileType = sourcecode.c.objc; name = BookBaseTableViewCell.m; path = BaseTableViewCell/BookBaseTableViewCell.m; sourceTree = "<group>"; };
		844987621E1205EA00FD008A /* BookListTableViewCell.h */ = {isa = PBXFileReference; fileEncoding = 4; lastKnownFileType = sourcecode.c.h; name = BookListTableViewCell.h; path = TableViewCell/BookListTableViewCell.h; sourceTree = "<group>"; };
		844987631E1205EA00FD008A /* BookListTableViewCell.m */ = {isa = PBXFileReference; fileEncoding = 4; lastKnownFileType = sourcecode.c.objc; name = BookListTableViewCell.m; path = TableViewCell/BookListTableViewCell.m; sourceTree = "<group>"; };
		844987651E120A8500FD008A /* BookListTableViewCell+BookEntity.h */ = {isa = PBXFileReference; fileEncoding = 4; lastKnownFileType = sourcecode.c.h; name = "BookListTableViewCell+BookEntity.h"; path = "TableViewCell/BookListTableViewCell+BookEntity.h"; sourceTree = "<group>"; };
		844987661E120A8500FD008A /* BookListTableViewCell+BookEntity.m */ = {isa = PBXFileReference; fileEncoding = 4; lastKnownFileType = sourcecode.c.objc; name = "BookListTableViewCell+BookEntity.m"; path = "TableViewCell/BookListTableViewCell+BookEntity.m"; sourceTree = "<group>"; };
		8449876B1E136AAD00FD008A /* BookBaseCollectionViewCell.h */ = {isa = PBXFileReference; fileEncoding = 4; lastKnownFileType = sourcecode.c.h; name = BookBaseCollectionViewCell.h; path = BaseCollectionViewCell/BookBaseCollectionViewCell.h; sourceTree = "<group>"; };
		8449876C1E136AAD00FD008A /* BookBaseCollectionViewCell.m */ = {isa = PBXFileReference; fileEncoding = 4; lastKnownFileType = sourcecode.c.objc; name = BookBaseCollectionViewCell.m; path = BaseCollectionViewCell/BookBaseCollectionViewCell.m; sourceTree = "<group>"; };
		8449876E1E136B0100FD008A /* BookCollectionViewCell.h */ = {isa = PBXFileReference; fileEncoding = 4; lastKnownFileType = sourcecode.c.h; path = BookCollectionViewCell.h; sourceTree = "<group>"; };
		8449876F1E136B0100FD008A /* BookCollectionViewCell.m */ = {isa = PBXFileReference; fileEncoding = 4; lastKnownFileType = sourcecode.c.objc; path = BookCollectionViewCell.m; sourceTree = "<group>"; };
		844987711E136CB800FD008A /* BookCollectionViewCell+BookEntity.h */ = {isa = PBXFileReference; fileEncoding = 4; lastKnownFileType = sourcecode.c.h; path = "BookCollectionViewCell+BookEntity.h"; sourceTree = "<group>"; };
		844987721E136CB800FD008A /* BookCollectionViewCell+BookEntity.m */ = {isa = PBXFileReference; fileEncoding = 4; lastKnownFileType = sourcecode.c.objc; path = "BookCollectionViewCell+BookEntity.m"; sourceTree = "<group>"; };
		844987751E13C8D100FD008A /* BookBaseCollectionViewFlowLayout.h */ = {isa = PBXFileReference; fileEncoding = 4; lastKnownFileType = sourcecode.c.h; path = BookBaseCollectionViewFlowLayout.h; sourceTree = "<group>"; };
		844987761E13C8D100FD008A /* BookBaseCollectionViewFlowLayout.m */ = {isa = PBXFileReference; fileEncoding = 4; lastKnownFileType = sourcecode.c.objc; path = BookBaseCollectionViewFlowLayout.m; sourceTree = "<group>"; };
		844987791E13C94000FD008A /* BookCollectionViewFlowLayout.h */ = {isa = PBXFileReference; fileEncoding = 4; lastKnownFileType = sourcecode.c.h; path = BookCollectionViewFlowLayout.h; sourceTree = "<group>"; };
		8449877A1E13C94000FD008A /* BookCollectionViewFlowLayout.m */ = {isa = PBXFileReference; fileEncoding = 4; lastKnownFileType = sourcecode.c.objc; path = BookCollectionViewFlowLayout.m; sourceTree = "<group>"; };
		8449877D1E15283F00FD008A /* Constants.h */ = {isa = PBXFileReference; lastKnownFileType = sourcecode.c.h; name = Constants.h; path = Define/Constants.h; sourceTree = "<group>"; };
		8449877F1E152AAB00FD008A /* BookCollectionViewWaterfallHeader.h */ = {isa = PBXFileReference; fileEncoding = 4; lastKnownFileType = sourcecode.c.h; path = BookCollectionViewWaterfallHeader.h; sourceTree = "<group>"; };
		844987801E152AAB00FD008A /* BookCollectionViewWaterfallHeader.m */ = {isa = PBXFileReference; fileEncoding = 4; lastKnownFileType = sourcecode.c.objc; path = BookCollectionViewWaterfallHeader.m; sourceTree = "<group>"; };
		844987821E152ACE00FD008A /* BookCollectionViewWaterfallFooter.h */ = {isa = PBXFileReference; fileEncoding = 4; lastKnownFileType = sourcecode.c.h; path = BookCollectionViewWaterfallFooter.h; sourceTree = "<group>"; };
		844987831E152ACE00FD008A /* BookCollectionViewWaterfallFooter.m */ = {isa = PBXFileReference; fileEncoding = 4; lastKnownFileType = sourcecode.c.objc; path = BookCollectionViewWaterfallFooter.m; sourceTree = "<group>"; };
		844987861E152B9500FD008A /* BaseBookCollectionViewWaterfallHeader.h */ = {isa = PBXFileReference; fileEncoding = 4; lastKnownFileType = sourcecode.c.h; path = BaseBookCollectionViewWaterfallHeader.h; sourceTree = "<group>"; };
		844987871E152B9500FD008A /* BaseBookCollectionViewWaterfallHeader.m */ = {isa = PBXFileReference; fileEncoding = 4; lastKnownFileType = sourcecode.c.objc; path = BaseBookCollectionViewWaterfallHeader.m; sourceTree = "<group>"; };
		844987891E152BA900FD008A /* BaseBookCollectionViewWaterfallFooter.h */ = {isa = PBXFileReference; fileEncoding = 4; lastKnownFileType = sourcecode.c.h; path = BaseBookCollectionViewWaterfallFooter.h; sourceTree = "<group>"; };
		8449878A1E152BA900FD008A /* BaseBookCollectionViewWaterfallFooter.m */ = {isa = PBXFileReference; fileEncoding = 4; lastKnownFileType = sourcecode.c.objc; path = BaseBookCollectionViewWaterfallFooter.m; sourceTree = "<group>"; };
		844C13751E0CDB370091E135 /* BaseNavigationController.h */ = {isa = PBXFileReference; fileEncoding = 4; lastKnownFileType = sourcecode.c.h; path = BaseNavigationController.h; sourceTree = "<group>"; };
		844C13761E0CDB370091E135 /* BaseNavigationController.m */ = {isa = PBXFileReference; fileEncoding = 4; lastKnownFileType = sourcecode.c.objc; path = BaseNavigationController.m; sourceTree = "<group>"; };
		844C13781E0CDB720091E135 /* BaseViewController.h */ = {isa = PBXFileReference; fileEncoding = 4; lastKnownFileType = sourcecode.c.h; path = BaseViewController.h; sourceTree = "<group>"; };
		844C13791E0CDB720091E135 /* BaseViewController.m */ = {isa = PBXFileReference; fileEncoding = 4; lastKnownFileType = sourcecode.c.objc; path = BaseViewController.m; sourceTree = "<group>"; };
		8477AB6A1E1762760029079D /* PieChartView.h */ = {isa = PBXFileReference; fileEncoding = 4; lastKnownFileType = sourcecode.c.h; path = PieChartView.h; sourceTree = "<group>"; };
		8477AB6B1E1762760029079D /* PieChartView.m */ = {isa = PBXFileReference; fileEncoding = 4; lastKnownFileType = sourcecode.c.objc; path = PieChartView.m; sourceTree = "<group>"; };
		8477AB731E17731C0029079D /* PieChartView+Author.h */ = {isa = PBXFileReference; fileEncoding = 4; lastKnownFileType = sourcecode.c.h; path = "PieChartView+Author.h"; sourceTree = "<group>"; };
		8477AB741E17731C0029079D /* PieChartView+Author.m */ = {isa = PBXFileReference; fileEncoding = 4; lastKnownFileType = sourcecode.c.objc; path = "PieChartView+Author.m"; sourceTree = "<group>"; };
		8477AB7A1E17F28E0029079D /* BookAnalyticsTableViewCell.h */ = {isa = PBXFileReference; fileEncoding = 4; lastKnownFileType = sourcecode.c.h; path = BookAnalyticsTableViewCell.h; sourceTree = "<group>"; };
		8477AB7B1E17F28E0029079D /* BookAnalyticsTableViewCell.m */ = {isa = PBXFileReference; fileEncoding = 4; lastKnownFileType = sourcecode.c.objc; path = BookAnalyticsTableViewCell.m; sourceTree = "<group>"; };
		8477AB7D1E180ECE0029079D /* BookAnalyticsTableViewCell+Author.h */ = {isa = PBXFileReference; fileEncoding = 4; lastKnownFileType = sourcecode.c.h; path = "BookAnalyticsTableViewCell+Author.h"; sourceTree = "<group>"; };
		8477AB7E1E180ECE0029079D /* BookAnalyticsTableViewCell+Author.m */ = {isa = PBXFileReference; fileEncoding = 4; lastKnownFileType = sourcecode.c.objc; path = "BookAnalyticsTableViewCell+Author.m"; sourceTree = "<group>"; };
		8B6903D91E0A717700DCA1CC /* PrefixHeader.pch */ = {isa = PBXFileReference; lastKnownFileType = sourcecode.c.h; path = PrefixHeader.pch; sourceTree = "<group>"; };
		8B6CCB961E03B40900476A35 /* BookListViewController.h */ = {isa = PBXFileReference; fileEncoding = 4; lastKnownFileType = sourcecode.c.h; path = BookListViewController.h; sourceTree = "<group>"; };
		8B6CCB971E03B40900476A35 /* BookListViewController.m */ = {isa = PBXFileReference; fileEncoding = 4; lastKnownFileType = sourcecode.c.objc; path = BookListViewController.m; sourceTree = "<group>"; };
		8B6CCB991E03B44600476A35 /* BookScannerViewController.h */ = {isa = PBXFileReference; fileEncoding = 4; lastKnownFileType = sourcecode.c.h; path = BookScannerViewController.h; sourceTree = "<group>"; };
		8B6CCB9A1E03B44600476A35 /* BookScannerViewController.m */ = {isa = PBXFileReference; fileEncoding = 4; lastKnownFileType = sourcecode.c.objc; path = BookScannerViewController.m; sourceTree = "<group>"; };
		8B6CCB9C1E03B46600476A35 /* BookAnalyticsViewController.h */ = {isa = PBXFileReference; fileEncoding = 4; lastKnownFileType = sourcecode.c.h; path = BookAnalyticsViewController.h; sourceTree = "<group>"; };
		8B6CCB9D1E03B46600476A35 /* BookAnalyticsViewController.m */ = {isa = PBXFileReference; fileEncoding = 4; lastKnownFileType = sourcecode.c.objc; path = BookAnalyticsViewController.m; sourceTree = "<group>"; };
		8B6CCBA31E03CB0E00476A35 /* BookScannerView.h */ = {isa = PBXFileReference; fileEncoding = 4; lastKnownFileType = sourcecode.c.h; path = BookScannerView.h; sourceTree = "<group>"; };
		8B6CCBA41E03CB0E00476A35 /* BookScannerView.m */ = {isa = PBXFileReference; fileEncoding = 4; lastKnownFileType = sourcecode.c.objc; path = BookScannerView.m; sourceTree = "<group>"; };
		8BD7BFB31DFE3D4D00F48966 /* StudyPrivateCollection.app */ = {isa = PBXFileReference; explicitFileType = wrapper.application; includeInIndex = 0; path = StudyPrivateCollection.app; sourceTree = BUILT_PRODUCTS_DIR; };
		8BD7BFB71DFE3D4D00F48966 /* main.m */ = {isa = PBXFileReference; lastKnownFileType = sourcecode.c.objc; path = main.m; sourceTree = "<group>"; };
		8BD7BFB91DFE3D4D00F48966 /* AppDelegate.h */ = {isa = PBXFileReference; lastKnownFileType = sourcecode.c.h; path = AppDelegate.h; sourceTree = "<group>"; };
		8BD7BFBA1DFE3D4D00F48966 /* AppDelegate.m */ = {isa = PBXFileReference; lastKnownFileType = sourcecode.c.objc; path = AppDelegate.m; sourceTree = "<group>"; };
		8BD7BFC01DFE3D4D00F48966 /* Base */ = {isa = PBXFileReference; lastKnownFileType = file.storyboard; name = Base; path = Base.lproj/Main.storyboard; sourceTree = "<group>"; };
		8BD7BFC21DFE3D4D00F48966 /* Assets.xcassets */ = {isa = PBXFileReference; lastKnownFileType = folder.assetcatalog; path = Assets.xcassets; sourceTree = "<group>"; };
		8BD7BFC51DFE3D4D00F48966 /* Base */ = {isa = PBXFileReference; lastKnownFileType = file.storyboard; name = Base; path = Base.lproj/LaunchScreen.storyboard; sourceTree = "<group>"; };
		8BD7BFC71DFE3D4D00F48966 /* Info.plist */ = {isa = PBXFileReference; lastKnownFileType = text.plist.xml; path = Info.plist; sourceTree = "<group>"; };
		8BD7BFCC1DFE3D4E00F48966 /* StudyPrivateCollectionTests.xctest */ = {isa = PBXFileReference; explicitFileType = wrapper.cfbundle; includeInIndex = 0; path = StudyPrivateCollectionTests.xctest; sourceTree = BUILT_PRODUCTS_DIR; };
		8BD7BFD01DFE3D4E00F48966 /* StudyPrivateCollectionTests.m */ = {isa = PBXFileReference; lastKnownFileType = sourcecode.c.objc; path = StudyPrivateCollectionTests.m; sourceTree = "<group>"; };
		8BD7BFD21DFE3D4E00F48966 /* Info.plist */ = {isa = PBXFileReference; lastKnownFileType = text.plist.xml; path = Info.plist; sourceTree = "<group>"; };
		8BD7BFD71DFE3D4E00F48966 /* StudyPrivateCollectionUITests.xctest */ = {isa = PBXFileReference; explicitFileType = wrapper.cfbundle; includeInIndex = 0; path = StudyPrivateCollectionUITests.xctest; sourceTree = BUILT_PRODUCTS_DIR; };
		8BD7BFDB1DFE3D4E00F48966 /* StudyPrivateCollectionUITests.m */ = {isa = PBXFileReference; lastKnownFileType = sourcecode.c.objc; path = StudyPrivateCollectionUITests.m; sourceTree = "<group>"; };
		8BD7BFDD1DFE3D4E00F48966 /* Info.plist */ = {isa = PBXFileReference; lastKnownFileType = text.plist.xml; path = Info.plist; sourceTree = "<group>"; };
/* End PBXFileReference section */

/* Begin PBXFrameworksBuildPhase section */
		8BD7BFB01DFE3D4D00F48966 /* Frameworks */ = {
			isa = PBXFrameworksBuildPhase;
			buildActionMask = 2147483647;
			files = (
				13B51B469A9EE6BF8679BB5B /* libPods-StudyPrivateCollection.a in Frameworks */,
			);
			runOnlyForDeploymentPostprocessing = 0;
		};
		8BD7BFC91DFE3D4E00F48966 /* Frameworks */ = {
			isa = PBXFrameworksBuildPhase;
			buildActionMask = 2147483647;
			files = (
			);
			runOnlyForDeploymentPostprocessing = 0;
		};
		8BD7BFD41DFE3D4E00F48966 /* Frameworks */ = {
			isa = PBXFrameworksBuildPhase;
			buildActionMask = 2147483647;
			files = (
			);
			runOnlyForDeploymentPostprocessing = 0;
		};
/* End PBXFrameworksBuildPhase section */

/* Begin PBXGroup section */
		2109EB644D2FC1C8A7101011 /* Pods */ = {
			isa = PBXGroup;
			children = (
				273866E3312D8A48A57C0702 /* Pods-StudyPrivateCollection.debug.xcconfig */,
				467D8AFA5779B9F236940E06 /* Pods-StudyPrivateCollection.release.xcconfig */,
			);
			name = Pods;
			sourceTree = "<group>";
		};
		7C29B0D91F6F4D6C152581E9 /* Frameworks */ = {
			isa = PBXGroup;
			children = (
				44D9087FE37C045DEB72D853 /* libPods-StudyPrivateCollection.a */,
			);
			name = Frameworks;
			sourceTree = "<group>";
		};
		844987151E0CE9FE00FD008A /* Model */ = {
			isa = PBXGroup;
			children = (
				844987261E0D760C00FD008A /* Tag */,
				844987221E0D758900FD008A /* Translator */,
				8449871E1E0D746900FD008A /* Author */,
				8449871A1E0D3E7E00FD008A /* Entity */,
				844987161E0CEA1600FD008A /* Base */,
			);
			path = Model;
			sourceTree = "<group>";
		};
		844987161E0CEA1600FD008A /* Base */ = {
			isa = PBXGroup;
			children = (
				844987171E0CEA4300FD008A /* BaseModel.h */,
				844987181E0CEA4300FD008A /* BaseModel.m */,
			);
			path = Base;
			sourceTree = "<group>";
		};
		8449871A1E0D3E7E00FD008A /* Entity */ = {
			isa = PBXGroup;
			children = (
				8449871B1E0D3EA000FD008A /* BookEntity.h */,
				8449871C1E0D3EA000FD008A /* BookEntity.m */,
			);
			path = Entity;
			sourceTree = "<group>";
		};
		8449871E1E0D746900FD008A /* Author */ = {
			isa = PBXGroup;
			children = (
				8449871F1E0D749D00FD008A /* AuthorModel.h */,
				844987201E0D749D00FD008A /* AuthorModel.m */,
			);
			path = Author;
			sourceTree = "<group>";
		};
		844987221E0D758900FD008A /* Translator */ = {
			isa = PBXGroup;
			children = (
				844987231E0D75CD00FD008A /* TranslatorModel.h */,
				844987241E0D75CD00FD008A /* TranslatorModel.m */,
			);
			path = Translator;
			sourceTree = "<group>";
		};
		844987261E0D760C00FD008A /* Tag */ = {
			isa = PBXGroup;
			children = (
				844987271E0D762D00FD008A /* TagModel.h */,
				844987281E0D762D00FD008A /* TagModel.m */,
			);
			path = Tag;
			sourceTree = "<group>";
		};
		8449872A1E0D77BE00FD008A /* BookDetail */ = {
			isa = PBXGroup;
			children = (
				8449872B1E0D77E400FD008A /* BookDetailViewController.h */,
				8449872C1E0D77E400FD008A /* BookDetailViewController.m */,
			);
			path = BookDetail;
			sourceTree = "<group>";
		};
		8449872E1E10B5D300FD008A /* Helper */ = {
			isa = PBXGroup;
			children = (
				8449872F1E10B5DB00FD008A /* DB */,
			);
			name = Helper;
			sourceTree = "<group>";
		};
		8449872F1E10B5DB00FD008A /* DB */ = {
			isa = PBXGroup;
			children = (
				844987301E10B5FD00FD008A /* BookDBHelper.h */,
				844987311E10B5FD00FD008A /* BookDBHelper.m */,
			);
			name = DB;
			sourceTree = "<group>";
		};
		844987331E10BDF000FD008A /* Service */ = {
			isa = PBXGroup;
			children = (
				844987501E112B2300FD008A /* BookList */,
				8449874C1E10C3CF00FD008A /* BookDetail */,
			);
			path = Service;
			sourceTree = "<group>";
		};
		844987341E10BDFC00FD008A /* DAO */ = {
			isa = PBXGroup;
			children = (
				8449873C1E10BF0B00FD008A /* Tag */,
				8449873B1E10BF0200FD008A /* Translator */,
				8449873A1E10BEFA00FD008A /* Author */,
				844987391E10BEEF00FD008A /* Entity */,
				844987351E10BE3900FD008A /* Base */,
			);
			path = DAO;
			sourceTree = "<group>";
		};
		844987351E10BE3900FD008A /* Base */ = {
			isa = PBXGroup;
			children = (
				844987361E10BE6800FD008A /* BaseDAO.h */,
				844987371E10BE6800FD008A /* BaseDAO.m */,
			);
			name = Base;
			sourceTree = "<group>";
		};
		844987391E10BEEF00FD008A /* Entity */ = {
			isa = PBXGroup;
			children = (
				844987401E10BF4C00FD008A /* BookEntityDAO.h */,
				844987411E10BF4C00FD008A /* BookEntityDAO.m */,
			);
			name = Entity;
			sourceTree = "<group>";
		};
		8449873A1E10BEFA00FD008A /* Author */ = {
			isa = PBXGroup;
			children = (
				844987431E10BF6200FD008A /* AuthorDAO.h */,
				844987441E10BF6200FD008A /* AuthorDAO.m */,
			);
			name = Author;
			sourceTree = "<group>";
		};
		8449873B1E10BF0200FD008A /* Translator */ = {
			isa = PBXGroup;
			children = (
				844987461E10BF7A00FD008A /* TranslatorDAO.h */,
				844987471E10BF7A00FD008A /* TranslatorDAO.m */,
			);
			name = Translator;
			sourceTree = "<group>";
		};
		8449873C1E10BF0B00FD008A /* Tag */ = {
			isa = PBXGroup;
			children = (
				844987491E10BF8B00FD008A /* TagDAO.h */,
				8449874A1E10BF8B00FD008A /* TagDAO.m */,
			);
			name = Tag;
			sourceTree = "<group>";
		};
		8449874C1E10C3CF00FD008A /* BookDetail */ = {
			isa = PBXGroup;
			children = (
				8449874D1E10C40100FD008A /* BookDetailService.h */,
				8449874E1E10C40100FD008A /* BookDetailService.m */,
			);
			name = BookDetail;
			sourceTree = "<group>";
		};
		844987501E112B2300FD008A /* BookList */ = {
			isa = PBXGroup;
			children = (
				844987511E112B5100FD008A /* BookListService.h */,
				844987521E112B5100FD008A /* BookListService.m */,
			);
			name = BookList;
			sourceTree = "<group>";
		};
		844987541E11339700FD008A /* TableView */ = {
			isa = PBXGroup;
			children = (
				844987611E1205B400FD008A /* TableViewCell */,
				844987561E11340E00FD008A /* BookListTableViewController.h */,
				844987571E11340E00FD008A /* BookListTableViewController.m */,
			);
			name = TableView;
			sourceTree = "<group>";
		};
		844987551E1133A200FD008A /* CollectionView */ = {
			isa = PBXGroup;
			children = (
				8449877E1E152A4100FD008A /* CollectionHeaderViewAndFooterView */,
				844987781E13C8EA00FD008A /* CollectionViewFlowLayout */,
				844987691E136A2B00FD008A /* CollectionViewCell */,
				844987591E11343E00FD008A /* BookListCollectionViewController.h */,
				8449875A1E11343E00FD008A /* BookListCollectionViewController.m */,
			);
			name = CollectionView;
			sourceTree = "<group>";
		};
		8449875C1E12054200FD008A /* BaseTableViewCell */ = {
			isa = PBXGroup;
			children = (
				8449875D1E12056F00FD008A /* BookBaseTableViewCell.h */,
				8449875E1E12056F00FD008A /* BookBaseTableViewCell.m */,
			);
			name = BaseTableViewCell;
			sourceTree = "<group>";
		};
		844987611E1205B400FD008A /* TableViewCell */ = {
			isa = PBXGroup;
			children = (
				844987621E1205EA00FD008A /* BookListTableViewCell.h */,
				844987631E1205EA00FD008A /* BookListTableViewCell.m */,
				844987651E120A8500FD008A /* BookListTableViewCell+BookEntity.h */,
				844987661E120A8500FD008A /* BookListTableViewCell+BookEntity.m */,
			);
			name = TableViewCell;
			sourceTree = "<group>";
		};
		844987691E136A2B00FD008A /* CollectionViewCell */ = {
			isa = PBXGroup;
			children = (
				8449876E1E136B0100FD008A /* BookCollectionViewCell.h */,
				8449876F1E136B0100FD008A /* BookCollectionViewCell.m */,
				844987711E136CB800FD008A /* BookCollectionViewCell+BookEntity.h */,
				844987721E136CB800FD008A /* BookCollectionViewCell+BookEntity.m */,
			);
			path = CollectionViewCell;
			sourceTree = "<group>";
		};
		8449876A1E136A7700FD008A /* BaseCollectionViewCell */ = {
			isa = PBXGroup;
			children = (
				8449876B1E136AAD00FD008A /* BookBaseCollectionViewCell.h */,
				8449876C1E136AAD00FD008A /* BookBaseCollectionViewCell.m */,
			);
			name = BaseCollectionViewCell;
			sourceTree = "<group>";
		};
		844987741E13C87300FD008A /* BaseCollectionViewFlowLayout */ = {
			isa = PBXGroup;
			children = (
				844987751E13C8D100FD008A /* BookBaseCollectionViewFlowLayout.h */,
				844987761E13C8D100FD008A /* BookBaseCollectionViewFlowLayout.m */,
			);
			path = BaseCollectionViewFlowLayout;
			sourceTree = "<group>";
		};
		844987781E13C8EA00FD008A /* CollectionViewFlowLayout */ = {
			isa = PBXGroup;
			children = (
				844987791E13C94000FD008A /* BookCollectionViewFlowLayout.h */,
				8449877A1E13C94000FD008A /* BookCollectionViewFlowLayout.m */,
			);
			path = CollectionViewFlowLayout;
			sourceTree = "<group>";
		};
		8449877C1E15281F00FD008A /* Define */ = {
			isa = PBXGroup;
			children = (
				8449877D1E15283F00FD008A /* Constants.h */,
			);
			name = Define;
			sourceTree = "<group>";
		};
		8449877E1E152A4100FD008A /* CollectionHeaderViewAndFooterView */ = {
			isa = PBXGroup;
			children = (
				8449877F1E152AAB00FD008A /* BookCollectionViewWaterfallHeader.h */,
				844987801E152AAB00FD008A /* BookCollectionViewWaterfallHeader.m */,
				844987821E152ACE00FD008A /* BookCollectionViewWaterfallFooter.h */,
				844987831E152ACE00FD008A /* BookCollectionViewWaterfallFooter.m */,
			);
			path = CollectionHeaderViewAndFooterView;
			sourceTree = "<group>";
		};
		844987851E152B0900FD008A /* BaseCollectionHeaderFooterView */ = {
			isa = PBXGroup;
			children = (
				844987861E152B9500FD008A /* BaseBookCollectionViewWaterfallHeader.h */,
				844987871E152B9500FD008A /* BaseBookCollectionViewWaterfallHeader.m */,
				844987891E152BA900FD008A /* BaseBookCollectionViewWaterfallFooter.h */,
				8449878A1E152BA900FD008A /* BaseBookCollectionViewWaterfallFooter.m */,
			);
			name = BaseCollectionHeaderFooterView;
			path = BaseViewController/BaseCollectionHeaderFooterView;
			sourceTree = "<group>";
		};
		844C13721E0CDAC10091E135 /* General */ = {
			isa = PBXGroup;
			children = (
				8449877C1E15281F00FD008A /* Define */,
				844987741E13C87300FD008A /* BaseCollectionViewFlowLayout */,
				8449876A1E136A7700FD008A /* BaseCollectionViewCell */,
				8449875C1E12054200FD008A /* BaseTableViewCell */,
				844C13741E0CDAE20091E135 /* BaseNavigationController */,
				844C13731E0CDAD40091E135 /* BaseViewController */,
				844987851E152B0900FD008A /* BaseCollectionHeaderFooterView */,
			);
			path = General;
			sourceTree = "<group>";
		};
		844C13731E0CDAD40091E135 /* BaseViewController */ = {
			isa = PBXGroup;
			children = (
				844C13781E0CDB720091E135 /* BaseViewController.h */,
				844C13791E0CDB720091E135 /* BaseViewController.m */,
			);
			path = BaseViewController;
			sourceTree = "<group>";
		};
		844C13741E0CDAE20091E135 /* BaseNavigationController */ = {
			isa = PBXGroup;
			children = (
				844C13751E0CDB370091E135 /* BaseNavigationController.h */,
				844C13761E0CDB370091E135 /* BaseNavigationController.m */,
			);
			path = BaseNavigationController;
			sourceTree = "<group>";
		};
		8477AB691E17622E0029079D /* PieChart */ = {
			isa = PBXGroup;
			children = (
				8477AB6A1E1762760029079D /* PieChartView.h */,
				8477AB6B1E1762760029079D /* PieChartView.m */,
				8477AB731E17731C0029079D /* PieChartView+Author.h */,
				8477AB741E17731C0029079D /* PieChartView+Author.m */,
			);
			path = PieChart;
			sourceTree = "<group>";
		};
		8477AB791E17F20A0029079D /* TableViewCell */ = {
			isa = PBXGroup;
			children = (
				8477AB7A1E17F28E0029079D /* BookAnalyticsTableViewCell.h */,
				8477AB7B1E17F28E0029079D /* BookAnalyticsTableViewCell.m */,
				8477AB7D1E180ECE0029079D /* BookAnalyticsTableViewCell+Author.h */,
				8477AB7E1E180ECE0029079D /* BookAnalyticsTableViewCell+Author.m */,
			);
			path = TableViewCell;
			sourceTree = "<group>";
		};
		8B6CCB951E03B32300476A35 /* Modules */ = {
			isa = PBXGroup;
			children = (
				8449872A1E0D77BE00FD008A /* BookDetail */,
				8B6CCBA11E03CAAA00476A35 /* BookAnalytic */,
				8B6CCBA01E03CA9B00476A35 /* BookScanner */,
				8B6CCB9F1E03CA8800476A35 /* BookList */,
			);
			path = Modules;
			sourceTree = "<group>";
		};
		8B6CCB9F1E03CA8800476A35 /* BookList */ = {
			isa = PBXGroup;
			children = (
				844987551E1133A200FD008A /* CollectionView */,
				844987541E11339700FD008A /* TableView */,
				8B6CCB961E03B40900476A35 /* BookListViewController.h */,
				8B6CCB971E03B40900476A35 /* BookListViewController.m */,
			);
			name = BookList;
			path = Booklist;
			sourceTree = "<group>";
		};
		8B6CCBA01E03CA9B00476A35 /* BookScanner */ = {
			isa = PBXGroup;
			children = (
				8B6CCBA21E03CACD00476A35 /* ScannerView */,
				8B6CCB991E03B44600476A35 /* BookScannerViewController.h */,
				8B6CCB9A1E03B44600476A35 /* BookScannerViewController.m */,
			);
			path = BookScanner;
			sourceTree = "<group>";
		};
		8B6CCBA11E03CAAA00476A35 /* BookAnalytic */ = {
			isa = PBXGroup;
			children = (
				8477AB791E17F20A0029079D /* TableViewCell */,
				8477AB691E17622E0029079D /* PieChart */,
				8B6CCB9C1E03B46600476A35 /* BookAnalyticsViewController.h */,
				8B6CCB9D1E03B46600476A35 /* BookAnalyticsViewController.m */,
			);
			path = BookAnalytic;
			sourceTree = "<group>";
		};
		8B6CCBA21E03CACD00476A35 /* ScannerView */ = {
			isa = PBXGroup;
			children = (
				8B6CCBA31E03CB0E00476A35 /* BookScannerView.h */,
				8B6CCBA41E03CB0E00476A35 /* BookScannerView.m */,
			);
			path = ScannerView;
			sourceTree = "<group>";
		};
		8BD7BFAA1DFE3D4D00F48966 = {
			isa = PBXGroup;
			children = (
				8BD7BFB51DFE3D4D00F48966 /* StudyPrivateCollection */,
				8BD7BFCF1DFE3D4E00F48966 /* StudyPrivateCollectionTests */,
				8BD7BFDA1DFE3D4E00F48966 /* StudyPrivateCollectionUITests */,
				8BD7BFB41DFE3D4D00F48966 /* Products */,
				2109EB644D2FC1C8A7101011 /* Pods */,
				7C29B0D91F6F4D6C152581E9 /* Frameworks */,
			);
			sourceTree = "<group>";
		};
		8BD7BFB41DFE3D4D00F48966 /* Products */ = {
			isa = PBXGroup;
			children = (
				8BD7BFB31DFE3D4D00F48966 /* StudyPrivateCollection.app */,
				8BD7BFCC1DFE3D4E00F48966 /* StudyPrivateCollectionTests.xctest */,
				8BD7BFD71DFE3D4E00F48966 /* StudyPrivateCollectionUITests.xctest */,
			);
			name = Products;
			sourceTree = "<group>";
		};
		8BD7BFB51DFE3D4D00F48966 /* StudyPrivateCollection */ = {
			isa = PBXGroup;
			children = (
				844987341E10BDFC00FD008A /* DAO */,
				844987331E10BDF000FD008A /* Service */,
				8449872E1E10B5D300FD008A /* Helper */,
				844987151E0CE9FE00FD008A /* Model */,
				844C13721E0CDAC10091E135 /* General */,
				8B6CCB951E03B32300476A35 /* Modules */,
				8BD7BFB91DFE3D4D00F48966 /* AppDelegate.h */,
				8BD7BFBA1DFE3D4D00F48966 /* AppDelegate.m */,
				8BD7BFBF1DFE3D4D00F48966 /* Main.storyboard */,
				8BD7BFC21DFE3D4D00F48966 /* Assets.xcassets */,
				8BD7BFC41DFE3D4D00F48966 /* LaunchScreen.storyboard */,
				8BD7BFC71DFE3D4D00F48966 /* Info.plist */,
				8BD7BFB61DFE3D4D00F48966 /* Supporting Files */,
			);
			path = StudyPrivateCollection;
			sourceTree = "<group>";
		};
		8BD7BFB61DFE3D4D00F48966 /* Supporting Files */ = {
			isa = PBXGroup;
			children = (
				8BD7BFB71DFE3D4D00F48966 /* main.m */,
				8B6903D91E0A717700DCA1CC /* PrefixHeader.pch */,
			);
			name = "Supporting Files";
			sourceTree = "<group>";
		};
		8BD7BFCF1DFE3D4E00F48966 /* StudyPrivateCollectionTests */ = {
			isa = PBXGroup;
			children = (
				8BD7BFD01DFE3D4E00F48966 /* StudyPrivateCollectionTests.m */,
				8BD7BFD21DFE3D4E00F48966 /* Info.plist */,
			);
			path = StudyPrivateCollectionTests;
			sourceTree = "<group>";
		};
		8BD7BFDA1DFE3D4E00F48966 /* StudyPrivateCollectionUITests */ = {
			isa = PBXGroup;
			children = (
				8BD7BFDB1DFE3D4E00F48966 /* StudyPrivateCollectionUITests.m */,
				8BD7BFDD1DFE3D4E00F48966 /* Info.plist */,
			);
			path = StudyPrivateCollectionUITests;
			sourceTree = "<group>";
		};
/* End PBXGroup section */

/* Begin PBXNativeTarget section */
		8BD7BFB21DFE3D4D00F48966 /* StudyPrivateCollection */ = {
			isa = PBXNativeTarget;
			buildConfigurationList = 8BD7BFE01DFE3D4E00F48966 /* Build configuration list for PBXNativeTarget "StudyPrivateCollection" */;
			buildPhases = (
				F0E1665B1A4E3A7DF3B51F8B /* [CP] Check Pods Manifest.lock */,
				8BD7BFAF1DFE3D4D00F48966 /* Sources */,
				8BD7BFB01DFE3D4D00F48966 /* Frameworks */,
				8BD7BFB11DFE3D4D00F48966 /* Resources */,
				63908F161D54635F9DA03A6A /* [CP] Embed Pods Frameworks */,
				929887425D7E750D01A8B114 /* [CP] Copy Pods Resources */,
			);
			buildRules = (
			);
			dependencies = (
			);
			name = StudyPrivateCollection;
			productName = StudyPrivateCollection;
			productReference = 8BD7BFB31DFE3D4D00F48966 /* StudyPrivateCollection.app */;
			productType = "com.apple.product-type.application";
		};
		8BD7BFCB1DFE3D4E00F48966 /* StudyPrivateCollectionTests */ = {
			isa = PBXNativeTarget;
			buildConfigurationList = 8BD7BFE31DFE3D4E00F48966 /* Build configuration list for PBXNativeTarget "StudyPrivateCollectionTests" */;
			buildPhases = (
				8BD7BFC81DFE3D4E00F48966 /* Sources */,
				8BD7BFC91DFE3D4E00F48966 /* Frameworks */,
				8BD7BFCA1DFE3D4E00F48966 /* Resources */,
			);
			buildRules = (
			);
			dependencies = (
				8BD7BFCE1DFE3D4E00F48966 /* PBXTargetDependency */,
			);
			name = StudyPrivateCollectionTests;
			productName = StudyPrivateCollectionTests;
			productReference = 8BD7BFCC1DFE3D4E00F48966 /* StudyPrivateCollectionTests.xctest */;
			productType = "com.apple.product-type.bundle.unit-test";
		};
		8BD7BFD61DFE3D4E00F48966 /* StudyPrivateCollectionUITests */ = {
			isa = PBXNativeTarget;
			buildConfigurationList = 8BD7BFE61DFE3D4E00F48966 /* Build configuration list for PBXNativeTarget "StudyPrivateCollectionUITests" */;
			buildPhases = (
				8BD7BFD31DFE3D4E00F48966 /* Sources */,
				8BD7BFD41DFE3D4E00F48966 /* Frameworks */,
				8BD7BFD51DFE3D4E00F48966 /* Resources */,
			);
			buildRules = (
			);
			dependencies = (
				8BD7BFD91DFE3D4E00F48966 /* PBXTargetDependency */,
			);
			name = StudyPrivateCollectionUITests;
			productName = StudyPrivateCollectionUITests;
			productReference = 8BD7BFD71DFE3D4E00F48966 /* StudyPrivateCollectionUITests.xctest */;
			productType = "com.apple.product-type.bundle.ui-testing";
		};
/* End PBXNativeTarget section */

/* Begin PBXProject section */
		8BD7BFAB1DFE3D4D00F48966 /* Project object */ = {
			isa = PBXProject;
			attributes = {
				LastUpgradeCheck = 0810;
				ORGANIZATIONNAME = pengyiwei;
				TargetAttributes = {
					8BD7BFB21DFE3D4D00F48966 = {
						CreatedOnToolsVersion = 8.1;
						DevelopmentTeam = 5948W8AF82;
						ProvisioningStyle = Automatic;
					};
					8BD7BFCB1DFE3D4E00F48966 = {
						CreatedOnToolsVersion = 8.1;
						DevelopmentTeam = 5RLGZU9ETV;
						ProvisioningStyle = Automatic;
						TestTargetID = 8BD7BFB21DFE3D4D00F48966;
					};
					8BD7BFD61DFE3D4E00F48966 = {
						CreatedOnToolsVersion = 8.1;
						DevelopmentTeam = 5RLGZU9ETV;
						ProvisioningStyle = Automatic;
						TestTargetID = 8BD7BFB21DFE3D4D00F48966;
					};
				};
			};
			buildConfigurationList = 8BD7BFAE1DFE3D4D00F48966 /* Build configuration list for PBXProject "StudyPrivateCollection" */;
			compatibilityVersion = "Xcode 3.2";
			developmentRegion = English;
			hasScannedForEncodings = 0;
			knownRegions = (
				en,
				Base,
			);
			mainGroup = 8BD7BFAA1DFE3D4D00F48966;
			productRefGroup = 8BD7BFB41DFE3D4D00F48966 /* Products */;
			projectDirPath = "";
			projectRoot = "";
			targets = (
				8BD7BFB21DFE3D4D00F48966 /* StudyPrivateCollection */,
				8BD7BFCB1DFE3D4E00F48966 /* StudyPrivateCollectionTests */,
				8BD7BFD61DFE3D4E00F48966 /* StudyPrivateCollectionUITests */,
			);
		};
/* End PBXProject section */

/* Begin PBXResourcesBuildPhase section */
		8BD7BFB11DFE3D4D00F48966 /* Resources */ = {
			isa = PBXResourcesBuildPhase;
			buildActionMask = 2147483647;
			files = (
				8BD7BFC61DFE3D4D00F48966 /* LaunchScreen.storyboard in Resources */,
				8BD7BFC31DFE3D4D00F48966 /* Assets.xcassets in Resources */,
				8BD7BFC11DFE3D4D00F48966 /* Main.storyboard in Resources */,
			);
			runOnlyForDeploymentPostprocessing = 0;
		};
		8BD7BFCA1DFE3D4E00F48966 /* Resources */ = {
			isa = PBXResourcesBuildPhase;
			buildActionMask = 2147483647;
			files = (
			);
			runOnlyForDeploymentPostprocessing = 0;
		};
		8BD7BFD51DFE3D4E00F48966 /* Resources */ = {
			isa = PBXResourcesBuildPhase;
			buildActionMask = 2147483647;
			files = (
			);
			runOnlyForDeploymentPostprocessing = 0;
		};
/* End PBXResourcesBuildPhase section */

/* Begin PBXShellScriptBuildPhase section */
		63908F161D54635F9DA03A6A /* [CP] Embed Pods Frameworks */ = {
			isa = PBXShellScriptBuildPhase;
			buildActionMask = 2147483647;
			files = (
			);
			inputPaths = (
			);
			name = "[CP] Embed Pods Frameworks";
			outputPaths = (
			);
			runOnlyForDeploymentPostprocessing = 0;
			shellPath = /bin/sh;
			shellScript = "\"${SRCROOT}/Pods/Target Support Files/Pods-StudyPrivateCollection/Pods-StudyPrivateCollection-frameworks.sh\"\n";
			showEnvVarsInLog = 0;
		};
		929887425D7E750D01A8B114 /* [CP] Copy Pods Resources */ = {
			isa = PBXShellScriptBuildPhase;
			buildActionMask = 2147483647;
			files = (
			);
			inputPaths = (
			);
			name = "[CP] Copy Pods Resources";
			outputPaths = (
			);
			runOnlyForDeploymentPostprocessing = 0;
			shellPath = /bin/sh;
			shellScript = "\"${SRCROOT}/Pods/Target Support Files/Pods-StudyPrivateCollection/Pods-StudyPrivateCollection-resources.sh\"\n";
			showEnvVarsInLog = 0;
		};
		F0E1665B1A4E3A7DF3B51F8B /* [CP] Check Pods Manifest.lock */ = {
			isa = PBXShellScriptBuildPhase;
			buildActionMask = 2147483647;
			files = (
			);
			inputPaths = (
			);
			name = "[CP] Check Pods Manifest.lock";
			outputPaths = (
			);
			runOnlyForDeploymentPostprocessing = 0;
			shellPath = /bin/sh;
			shellScript = "diff \"${PODS_ROOT}/../Podfile.lock\" \"${PODS_ROOT}/Manifest.lock\" > /dev/null\nif [ $? != 0 ] ; then\n    # print error to STDERR\n    echo \"error: The sandbox is not in sync with the Podfile.lock. Run 'pod install' or update your CocoaPods installation.\" >&2\n    exit 1\nfi\n";
			showEnvVarsInLog = 0;
		};
/* End PBXShellScriptBuildPhase section */

/* Begin PBXSourcesBuildPhase section */
		8BD7BFAF1DFE3D4D00F48966 /* Sources */ = {
			isa = PBXSourcesBuildPhase;
			buildActionMask = 2147483647;
			files = (
				844987191E0CEA4300FD008A /* BaseModel.m in Sources */,
				8449877B1E13C94000FD008A /* BookCollectionViewFlowLayout.m in Sources */,
				8B6CCB9E1E03B46600476A35 /* BookAnalyticsViewController.m in Sources */,
				844987771E13C8D100FD008A /* BookBaseCollectionViewFlowLayout.m in Sources */,
				844987701E136B0100FD008A /* BookCollectionViewCell.m in Sources */,
				844C137A1E0CDB720091E135 /* BaseViewController.m in Sources */,
				844987811E152AAB00FD008A /* BookCollectionViewWaterfallHeader.m in Sources */,
				8449874B1E10BF8B00FD008A /* TagDAO.m in Sources */,
				844987881E152B9500FD008A /* BaseBookCollectionViewWaterfallHeader.m in Sources */,
				8477AB7C1E17F28E0029079D /* BookAnalyticsTableViewCell.m in Sources */,
				844987531E112B5100FD008A /* BookListService.m in Sources */,
				844987381E10BE6800FD008A /* BaseDAO.m in Sources */,
				844987251E0D75CD00FD008A /* TranslatorModel.m in Sources */,
				844C13771E0CDB370091E135 /* BaseNavigationController.m in Sources */,
				8B6CCB9B1E03B44600476A35 /* BookScannerViewController.m in Sources */,
				8477AB6C1E1762760029079D /* PieChartView.m in Sources */,
				844987211E0D749D00FD008A /* AuthorModel.m in Sources */,
				844987421E10BF4C00FD008A /* BookEntityDAO.m in Sources */,
				8477AB7F1E180ECE0029079D /* BookAnalyticsTableViewCell+Author.m in Sources */,
				8449878B1E152BA900FD008A /* BaseBookCollectionViewWaterfallFooter.m in Sources */,
				8B6CCBA51E03CB0E00476A35 /* BookScannerView.m in Sources */,
				844987321E10B5FD00FD008A /* BookDBHelper.m in Sources */,
				8B6CCB981E03B40900476A35 /* BookListViewController.m in Sources */,
				8477AB751E17731C0029079D /* PieChartView+Author.m in Sources */,
				8449875F1E12056F00FD008A /* BookBaseTableViewCell.m in Sources */,
				8BD7BFBB1DFE3D4D00F48966 /* AppDelegate.m in Sources */,
				8449874F1E10C40100FD008A /* BookDetailService.m in Sources */,
				8BD7BFB81DFE3D4D00F48966 /* main.m in Sources */,
				8449871D1E0D3EA000FD008A /* BookEntity.m in Sources */,
				8449872D1E0D77E400FD008A /* BookDetailViewController.m in Sources */,
				844987641E1205EA00FD008A /* BookListTableViewCell.m in Sources */,
				8449875B1E11343E00FD008A /* BookListCollectionViewController.m in Sources */,
				844987671E120A8500FD008A /* BookListTableViewCell+BookEntity.m in Sources */,
				844987581E11340E00FD008A /* BookListTableViewController.m in Sources */,
				8449876D1E136AAD00FD008A /* BookBaseCollectionViewCell.m in Sources */,
				844987841E152ACE00FD008A /* BookCollectionViewWaterfallFooter.m in Sources */,
				844987291E0D762D00FD008A /* TagModel.m in Sources */,
				844987451E10BF6200FD008A /* AuthorDAO.m in Sources */,
				844987481E10BF7A00FD008A /* TranslatorDAO.m in Sources */,
				844987731E136CB800FD008A /* BookCollectionViewCell+BookEntity.m in Sources */,
			);
			runOnlyForDeploymentPostprocessing = 0;
		};
		8BD7BFC81DFE3D4E00F48966 /* Sources */ = {
			isa = PBXSourcesBuildPhase;
			buildActionMask = 2147483647;
			files = (
				8BD7BFD11DFE3D4E00F48966 /* StudyPrivateCollectionTests.m in Sources */,
			);
			runOnlyForDeploymentPostprocessing = 0;
		};
		8BD7BFD31DFE3D4E00F48966 /* Sources */ = {
			isa = PBXSourcesBuildPhase;
			buildActionMask = 2147483647;
			files = (
				8BD7BFDC1DFE3D4E00F48966 /* StudyPrivateCollectionUITests.m in Sources */,
			);
			runOnlyForDeploymentPostprocessing = 0;
		};
/* End PBXSourcesBuildPhase section */

/* Begin PBXTargetDependency section */
		8BD7BFCE1DFE3D4E00F48966 /* PBXTargetDependency */ = {
			isa = PBXTargetDependency;
			target = 8BD7BFB21DFE3D4D00F48966 /* StudyPrivateCollection */;
			targetProxy = 8BD7BFCD1DFE3D4E00F48966 /* PBXContainerItemProxy */;
		};
		8BD7BFD91DFE3D4E00F48966 /* PBXTargetDependency */ = {
			isa = PBXTargetDependency;
			target = 8BD7BFB21DFE3D4D00F48966 /* StudyPrivateCollection */;
			targetProxy = 8BD7BFD81DFE3D4E00F48966 /* PBXContainerItemProxy */;
		};
/* End PBXTargetDependency section */

/* Begin PBXVariantGroup section */
		8BD7BFBF1DFE3D4D00F48966 /* Main.storyboard */ = {
			isa = PBXVariantGroup;
			children = (
				8BD7BFC01DFE3D4D00F48966 /* Base */,
			);
			name = Main.storyboard;
			sourceTree = "<group>";
		};
		8BD7BFC41DFE3D4D00F48966 /* LaunchScreen.storyboard */ = {
			isa = PBXVariantGroup;
			children = (
				8BD7BFC51DFE3D4D00F48966 /* Base */,
			);
			name = LaunchScreen.storyboard;
			sourceTree = "<group>";
		};
/* End PBXVariantGroup section */

/* Begin XCBuildConfiguration section */
		8BD7BFDE1DFE3D4E00F48966 /* Debug */ = {
			isa = XCBuildConfiguration;
			buildSettings = {
				ALWAYS_SEARCH_USER_PATHS = NO;
				CLANG_ANALYZER_NONNULL = YES;
				CLANG_CXX_LANGUAGE_STANDARD = "gnu++0x";
				CLANG_CXX_LIBRARY = "libc++";
				CLANG_ENABLE_MODULES = YES;
				CLANG_ENABLE_OBJC_ARC = YES;
				CLANG_WARN_BOOL_CONVERSION = YES;
				CLANG_WARN_CONSTANT_CONVERSION = YES;
				CLANG_WARN_DIRECT_OBJC_ISA_USAGE = YES_ERROR;
				CLANG_WARN_DOCUMENTATION_COMMENTS = YES;
				CLANG_WARN_EMPTY_BODY = YES;
				CLANG_WARN_ENUM_CONVERSION = YES;
				CLANG_WARN_INFINITE_RECURSION = YES;
				CLANG_WARN_INT_CONVERSION = YES;
				CLANG_WARN_OBJC_ROOT_CLASS = YES_ERROR;
				CLANG_WARN_SUSPICIOUS_MOVES = YES;
				CLANG_WARN_UNREACHABLE_CODE = YES;
				CLANG_WARN__DUPLICATE_METHOD_MATCH = YES;
				"CODE_SIGN_IDENTITY[sdk=iphoneos*]" = "iPhone Developer";
				COPY_PHASE_STRIP = NO;
				DEBUG_INFORMATION_FORMAT = dwarf;
				ENABLE_STRICT_OBJC_MSGSEND = YES;
				ENABLE_TESTABILITY = YES;
				GCC_C_LANGUAGE_STANDARD = gnu99;
				GCC_DYNAMIC_NO_PIC = NO;
				GCC_NO_COMMON_BLOCKS = YES;
				GCC_OPTIMIZATION_LEVEL = 0;
				GCC_PREPROCESSOR_DEFINITIONS = (
					"DEBUG=1",
					"$(inherited)",
				);
				GCC_WARN_64_TO_32_BIT_CONVERSION = YES;
				GCC_WARN_ABOUT_RETURN_TYPE = YES_ERROR;
				GCC_WARN_UNDECLARED_SELECTOR = YES;
				GCC_WARN_UNINITIALIZED_AUTOS = YES_AGGRESSIVE;
				GCC_WARN_UNUSED_FUNCTION = YES;
				GCC_WARN_UNUSED_VARIABLE = YES;
				IPHONEOS_DEPLOYMENT_TARGET = 10.1;
				MTL_ENABLE_DEBUG_INFO = YES;
				ONLY_ACTIVE_ARCH = YES;
				SDKROOT = iphoneos;
				TARGETED_DEVICE_FAMILY = "1,2";
			};
			name = Debug;
		};
		8BD7BFDF1DFE3D4E00F48966 /* Release */ = {
			isa = XCBuildConfiguration;
			buildSettings = {
				ALWAYS_SEARCH_USER_PATHS = NO;
				CLANG_ANALYZER_NONNULL = YES;
				CLANG_CXX_LANGUAGE_STANDARD = "gnu++0x";
				CLANG_CXX_LIBRARY = "libc++";
				CLANG_ENABLE_MODULES = YES;
				CLANG_ENABLE_OBJC_ARC = YES;
				CLANG_WARN_BOOL_CONVERSION = YES;
				CLANG_WARN_CONSTANT_CONVERSION = YES;
				CLANG_WARN_DIRECT_OBJC_ISA_USAGE = YES_ERROR;
				CLANG_WARN_DOCUMENTATION_COMMENTS = YES;
				CLANG_WARN_EMPTY_BODY = YES;
				CLANG_WARN_ENUM_CONVERSION = YES;
				CLANG_WARN_INFINITE_RECURSION = YES;
				CLANG_WARN_INT_CONVERSION = YES;
				CLANG_WARN_OBJC_ROOT_CLASS = YES_ERROR;
				CLANG_WARN_SUSPICIOUS_MOVES = YES;
				CLANG_WARN_UNREACHABLE_CODE = YES;
				CLANG_WARN__DUPLICATE_METHOD_MATCH = YES;
				"CODE_SIGN_IDENTITY[sdk=iphoneos*]" = "iPhone Developer";
				COPY_PHASE_STRIP = NO;
				DEBUG_INFORMATION_FORMAT = "dwarf-with-dsym";
				ENABLE_NS_ASSERTIONS = NO;
				ENABLE_STRICT_OBJC_MSGSEND = YES;
				GCC_C_LANGUAGE_STANDARD = gnu99;
				GCC_NO_COMMON_BLOCKS = YES;
				GCC_WARN_64_TO_32_BIT_CONVERSION = YES;
				GCC_WARN_ABOUT_RETURN_TYPE = YES_ERROR;
				GCC_WARN_UNDECLARED_SELECTOR = YES;
				GCC_WARN_UNINITIALIZED_AUTOS = YES_AGGRESSIVE;
				GCC_WARN_UNUSED_FUNCTION = YES;
				GCC_WARN_UNUSED_VARIABLE = YES;
				IPHONEOS_DEPLOYMENT_TARGET = 10.1;
				MTL_ENABLE_DEBUG_INFO = NO;
				SDKROOT = iphoneos;
				TARGETED_DEVICE_FAMILY = "1,2";
				VALIDATE_PRODUCT = YES;
			};
			name = Release;
		};
		8BD7BFE11DFE3D4E00F48966 /* Debug */ = {
			isa = XCBuildConfiguration;
			baseConfigurationReference = 273866E3312D8A48A57C0702 /* Pods-StudyPrivateCollection.debug.xcconfig */;
			buildSettings = {
				ASSETCATALOG_COMPILER_APPICON_NAME = AppIcon;
				DEVELOPMENT_TEAM = 5948W8AF82;
				GCC_PRECOMPILE_PREFIX_HEADER = YES;
				GCC_PREFIX_HEADER = "$(PRODUCT_NAME)/PrefixHeader.pch";
				INFOPLIST_FILE = StudyPrivateCollection/Info.plist;
				IPHONEOS_DEPLOYMENT_TARGET = 8.0;
				LD_RUNPATH_SEARCH_PATHS = "$(inherited) @executable_path/Frameworks";
				PRODUCT_BUNDLE_IDENTIFIER = pengyw.StudyPrivateCollection;
				PRODUCT_NAME = "$(TARGET_NAME)";
			};
			name = Debug;
		};
		8BD7BFE21DFE3D4E00F48966 /* Release */ = {
			isa = XCBuildConfiguration;
			baseConfigurationReference = 467D8AFA5779B9F236940E06 /* Pods-StudyPrivateCollection.release.xcconfig */;
			buildSettings = {
				ASSETCATALOG_COMPILER_APPICON_NAME = AppIcon;
				DEVELOPMENT_TEAM = 5948W8AF82;
				GCC_PRECOMPILE_PREFIX_HEADER = YES;
				GCC_PREFIX_HEADER = "$(PRODUCT_NAME)/PrefixHeader.pch";
				INFOPLIST_FILE = StudyPrivateCollection/Info.plist;
				IPHONEOS_DEPLOYMENT_TARGET = 8.0;
				LD_RUNPATH_SEARCH_PATHS = "$(inherited) @executable_path/Frameworks";
				PRODUCT_BUNDLE_IDENTIFIER = pengyw.StudyPrivateCollection;
				PRODUCT_NAME = "$(TARGET_NAME)";
			};
			name = Release;
		};
		8BD7BFE41DFE3D4E00F48966 /* Debug */ = {
			isa = XCBuildConfiguration;
			buildSettings = {
				BUNDLE_LOADER = "$(TEST_HOST)";
				DEVELOPMENT_TEAM = 5RLGZU9ETV;
				INFOPLIST_FILE = StudyPrivateCollectionTests/Info.plist;
				LD_RUNPATH_SEARCH_PATHS = "$(inherited) @executable_path/Frameworks @loader_path/Frameworks";
				PRODUCT_BUNDLE_IDENTIFIER = pengyw.StudyPrivateCollectionTests;
				PRODUCT_NAME = "$(TARGET_NAME)";
				TEST_HOST = "$(BUILT_PRODUCTS_DIR)/StudyPrivateCollection.app/StudyPrivateCollection";
			};
			name = Debug;
		};
		8BD7BFE51DFE3D4E00F48966 /* Release */ = {
			isa = XCBuildConfiguration;
			buildSettings = {
				BUNDLE_LOADER = "$(TEST_HOST)";
				DEVELOPMENT_TEAM = 5RLGZU9ETV;
				INFOPLIST_FILE = StudyPrivateCollectionTests/Info.plist;
				LD_RUNPATH_SEARCH_PATHS = "$(inherited) @executable_path/Frameworks @loader_path/Frameworks";
				PRODUCT_BUNDLE_IDENTIFIER = pengyw.StudyPrivateCollectionTests;
				PRODUCT_NAME = "$(TARGET_NAME)";
				TEST_HOST = "$(BUILT_PRODUCTS_DIR)/StudyPrivateCollection.app/StudyPrivateCollection";
			};
			name = Release;
		};
		8BD7BFE71DFE3D4E00F48966 /* Debug */ = {
			isa = XCBuildConfiguration;
			buildSettings = {
				DEVELOPMENT_TEAM = 5RLGZU9ETV;
				INFOPLIST_FILE = StudyPrivateCollectionUITests/Info.plist;
				LD_RUNPATH_SEARCH_PATHS = "$(inherited) @executable_path/Frameworks @loader_path/Frameworks";
				PRODUCT_BUNDLE_IDENTIFIER = pengyw.StudyPrivateCollectionUITests;
				PRODUCT_NAME = "$(TARGET_NAME)";
				TEST_TARGET_NAME = StudyPrivateCollection;
			};
			name = Debug;
		};
		8BD7BFE81DFE3D4E00F48966 /* Release */ = {
			isa = XCBuildConfiguration;
			buildSettings = {
				DEVELOPMENT_TEAM = 5RLGZU9ETV;
				INFOPLIST_FILE = StudyPrivateCollectionUITests/Info.plist;
				LD_RUNPATH_SEARCH_PATHS = "$(inherited) @executable_path/Frameworks @loader_path/Frameworks";
				PRODUCT_BUNDLE_IDENTIFIER = pengyw.StudyPrivateCollectionUITests;
				PRODUCT_NAME = "$(TARGET_NAME)";
				TEST_TARGET_NAME = StudyPrivateCollection;
			};
			name = Release;
		};
/* End XCBuildConfiguration section */

/* Begin XCConfigurationList section */
		8BD7BFAE1DFE3D4D00F48966 /* Build configuration list for PBXProject "StudyPrivateCollection" */ = {
			isa = XCConfigurationList;
			buildConfigurations = (
				8BD7BFDE1DFE3D4E00F48966 /* Debug */,
				8BD7BFDF1DFE3D4E00F48966 /* Release */,
			);
			defaultConfigurationIsVisible = 0;
			defaultConfigurationName = Release;
		};
		8BD7BFE01DFE3D4E00F48966 /* Build configuration list for PBXNativeTarget "StudyPrivateCollection" */ = {
			isa = XCConfigurationList;
			buildConfigurations = (
				8BD7BFE11DFE3D4E00F48966 /* Debug */,
				8BD7BFE21DFE3D4E00F48966 /* Release */,
			);
			defaultConfigurationIsVisible = 0;
			defaultConfigurationName = Release;
		};
		8BD7BFE31DFE3D4E00F48966 /* Build configuration list for PBXNativeTarget "StudyPrivateCollectionTests" */ = {
			isa = XCConfigurationList;
			buildConfigurations = (
				8BD7BFE41DFE3D4E00F48966 /* Debug */,
				8BD7BFE51DFE3D4E00F48966 /* Release */,
			);
			defaultConfigurationIsVisible = 0;
			defaultConfigurationName = Release;
		};
		8BD7BFE61DFE3D4E00F48966 /* Build configuration list for PBXNativeTarget "StudyPrivateCollectionUITests" */ = {
			isa = XCConfigurationList;
			buildConfigurations = (
				8BD7BFE71DFE3D4E00F48966 /* Debug */,
				8BD7BFE81DFE3D4E00F48966 /* Release */,
			);
			defaultConfigurationIsVisible = 0;
			defaultConfigurationName = Release;
		};
/* End XCConfigurationList section */
	};
	rootObject = 8BD7BFAB1DFE3D4D00F48966 /* Project object */;
}
